// !$*UTF8*$!
{
	archiveVersion = 1;
	classes = {
	};
	objectVersion = 46;
	objects = {

/* Begin PBXBuildFile section */
		EBB745681FA5AE6400349BBB /* main.cpp in Sources */ = {isa = PBXBuildFile; fileRef = EBB745671FA5AE6400349BBB /* main.cpp */; };
		EBB745721FA5B65E00349BBB /* FibCache.cpp in Sources */ = {isa = PBXBuildFile; fileRef = EBB745701FA5B65E00349BBB /* FibCache.cpp */; };
		EBB745751FA5C36600349BBB /* FibCalculator.cpp in Sources */ = {isa = PBXBuildFile; fileRef = EBB745731FA5C36600349BBB /* FibCalculator.cpp */; };
/* End PBXBuildFile section */

/* Begin PBXCopyFilesBuildPhase section */
		EBB745621FA5AE6300349BBB /* CopyFiles */ = {
			isa = PBXCopyFilesBuildPhase;
			buildActionMask = 2147483647;
			dstPath = /usr/share/man/man1/;
			dstSubfolderSpec = 0;
			files = (
			);
			runOnlyForDeploymentPostprocessing = 1;
		};
/* End PBXCopyFilesBuildPhase section */

/* Begin PBXFileReference section */
		EBB745641FA5AE6400349BBB /* fib */ = {isa = PBXFileReference; explicitFileType = "compiled.mach-o.executable"; includeInIndex = 0; path = fib; sourceTree = BUILT_PRODUCTS_DIR; };
		EBB745671FA5AE6400349BBB /* main.cpp */ = {isa = PBXFileReference; lastKnownFileType = sourcecode.cpp.cpp; path = main.cpp; sourceTree = "<group>"; };
		EBB745701FA5B65E00349BBB /* FibCache.cpp */ = {isa = PBXFileReference; fileEncoding = 4; lastKnownFileType = sourcecode.cpp.cpp; path = FibCache.cpp; sourceTree = "<group>"; };
		EBB745711FA5B65E00349BBB /* FibCache.hpp */ = {isa = PBXFileReference; fileEncoding = 4; lastKnownFileType = sourcecode.cpp.h; path = FibCache.hpp; sourceTree = "<group>"; };
		EBB745731FA5C36600349BBB /* FibCalculator.cpp */ = {isa = PBXFileReference; fileEncoding = 4; lastKnownFileType = sourcecode.cpp.cpp; path = FibCalculator.cpp; sourceTree = "<group>"; };
		EBB745741FA5C36600349BBB /* FibCalculator.hpp */ = {isa = PBXFileReference; fileEncoding = 4; lastKnownFileType = sourcecode.cpp.h; path = FibCalculator.hpp; sourceTree = "<group>"; };
/* End PBXFileReference section */

/* Begin PBXFrameworksBuildPhase section */
		EBB745611FA5AE6300349BBB /* Frameworks */ = {
			isa = PBXFrameworksBuildPhase;
			buildActionMask = 2147483647;
			files = (
			);
			runOnlyForDeploymentPostprocessing = 0;
		};
/* End PBXFrameworksBuildPhase section */

/* Begin PBXGroup section */
		EBB7455B1FA5AE6300349BBB = {
			isa = PBXGroup;
			children = (
				EBB745661FA5AE6400349BBB /* fib */,
				EBB745651FA5AE6400349BBB /* Products */,
			);
			sourceTree = "<group>";
		};
		EBB745651FA5AE6400349BBB /* Products */ = {
			isa = PBXGroup;
			children = (
				EBB745641FA5AE6400349BBB /* fib */,
			);
			name = Products;
			sourceTree = "<group>";
		};
		EBB745661FA5AE6400349BBB /* fib */ = {
			isa = PBXGroup;
			children = (
				EBB745671FA5AE6400349BBB /* main.cpp */,
				EBB745731FA5C36600349BBB /* FibCalculator.cpp */,
				EBB745741FA5C36600349BBB /* FibCalculator.hpp */,
				EBB745701FA5B65E00349BBB /* FibCache.cpp */,
				EBB745711FA5B65E00349BBB /* FibCache.hpp */,
			);
			path = fib;
			sourceTree = "<group>";
		};
/* End PBXGroup section */

/* Begin PBXNativeTarget section */
		EBB745631FA5AE6300349BBB /* fib */ = {
			isa = PBXNativeTarget;
			buildConfigurationList = EBB7456B1FA5AE6400349BBB /* Build configuration list for PBXNativeTarget "fib" */;
			buildPhases = (
				EBB745601FA5AE6300349BBB /* Sources */,
				EBB745611FA5AE6300349BBB /* Frameworks */,
				EBB745621FA5AE6300349BBB /* CopyFiles */,
			);
			buildRules = (
			);
			dependencies = (
			);
			name = fib;
			productName = fib;
			productReference = EBB745641FA5AE6400349BBB /* fib */;
			productType = "com.apple.product-type.tool";
		};
/* End PBXNativeTarget section */

/* Begin PBXProject section */
		EBB7455C1FA5AE6300349BBB /* Project object */ = {
			isa = PBXProject;
			attributes = {
				LastUpgradeCheck = 0800;
				ORGANIZATIONNAME = "Roy Moran";
				TargetAttributes = {
					EBB745631FA5AE6300349BBB = {
						CreatedOnToolsVersion = 8.0;
						ProvisioningStyle = Automatic;
					};
				};
			};
			buildConfigurationList = EBB7455F1FA5AE6300349BBB /* Build configuration list for PBXProject "fib" */;
			compatibilityVersion = "Xcode 3.2";
			developmentRegion = English;
			hasScannedForEncodings = 0;
			knownRegions = (
				en,
			);
			mainGroup = EBB7455B1FA5AE6300349BBB;
			productRefGroup = EBB745651FA5AE6400349BBB /* Products */;
			projectDirPath = "";
			projectRoot = "";
			targets = (
				EBB745631FA5AE6300349BBB /* fib */,
			);
		};
/* End PBXProject section */

/* Begin PBXSourcesBuildPhase section */
		EBB745601FA5AE6300349BBB /* Sources */ = {
			isa = PBXSourcesBuildPhase;
			buildActionMask = 2147483647;
			files = (
				EBB745721FA5B65E00349BBB /* FibCache.cpp in Sources */,
				EBB745681FA5AE6400349BBB /* main.cpp in Sources */,
				EBB745751FA5C36600349BBB /* FibCalculator.cpp in Sources */,
			);
			runOnlyForDeploymentPostprocessing = 0;
		};
/* End PBXSourcesBuildPhase section */

/* Begin XCBuildConfiguration section */
		EBB745691FA5AE6400349BBB /* Debug */ = {
			isa = XCBuildConfiguration;
			buildSettings = {
				ALWAYS_SEARCH_USER_PATHS = NO;
				CLANG_ANALYZER_NONNULL = YES;
				CLANG_CXX_LANGUAGE_STANDARD = "gnu++0x";
				CLANG_CXX_LIBRARY = "libc++";
				CLANG_ENABLE_MODULES = YES;
				CLANG_ENABLE_OBJC_ARC = YES;
				CLANG_WARN_BOOL_CONVERSION = YES;
				CLANG_WARN_CONSTANT_CONVERSION = YES;
				CLANG_WARN_DIRECT_OBJC_ISA_USAGE = YES_ERROR;
				CLANG_WARN_DOCUMENTATION_COMMENTS = YES;
				CLANG_WARN_EMPTY_BODY = YES;
				CLANG_WARN_ENUM_CONVERSION = YES;
				CLANG_WARN_INFINITE_RECURSION = YES;
				CLANG_WARN_INT_CONVERSION = YES;
				CLANG_WARN_OBJC_ROOT_CLASS = YES_ERROR;
				CLANG_WARN_SUSPICIOUS_MOVES = YES;
				CLANG_WARN_UNREACHABLE_CODE = YES;
				CLANG_WARN__DUPLICATE_METHOD_MATCH = YES;
				CODE_SIGN_IDENTITY = "-";
				COPY_PHASE_STRIP = NO;
				DEBUG_INFORMATION_FORMAT = dwarf;
				ENABLE_STRICT_OBJC_MSGSEND = YES;
				ENABLE_TESTABILITY = YES;
				GCC_C_LANGUAGE_STANDARD = gnu99;
				GCC_DYNAMIC_NO_PIC = NO;
				GCC_NO_COMMON_BLOCKS = YES;
				GCC_OPTIMIZATION_LEVEL = 0;
				GCC_PREPROCESSOR_DEFINITIONS = (
					"DEBUG=1",
					"$(inherited)",
				);
				GCC_WARN_64_TO_32_BIT_CONVERSION = YES;
				GCC_WARN_ABOUT_RETURN_TYPE = YES_ERROR;
				GCC_WARN_UNDECLARED_SELECTOR = YES;
				GCC_WARN_UNINITIALIZED_AUTOS = YES_AGGRESSIVE;
				GCC_WARN_UNUSED_FUNCTION = YES;
				GCC_WARN_UNUSED_VARIABLE = YES;
				MACOSX_DEPLOYMENT_TARGET = 10.12;
				MTL_ENABLE_DEBUG_INFO = YES;
				ONLY_ACTIVE_ARCH = YES;
				SDKROOT = macosx;
			};
			name = Debug;
		};
		EBB7456A1FA5AE6400349BBB /* Release */ = {
			isa = XCBuildConfiguration;
			buildSettings = {
				ALWAYS_SEARCH_USER_PATHS = NO;
				CLANG_ANALYZER_NONNULL = YES;
				CLANG_CXX_LANGUAGE_STANDARD = "gnu++0x";
				CLANG_CXX_LIBRARY = "libc++";
				CLANG_ENABLE_MODULES = YES;
				CLANG_ENABLE_OBJC_ARC = YES;
				CLANG_WARN_BOOL_CONVERSION = YES;
				CLANG_WARN_CONSTANT_CONVERSION = YES;
				CLANG_WARN_DIRECT_OBJC_ISA_USAGE = YES_ERROR;
				CLANG_WARN_DOCUMENTATION_COMMENTS = YES;
				CLANG_WARN_EMPTY_BODY = YES;
				CLANG_WARN_ENUM_CONVERSION = YES;
				CLANG_WARN_INFINITE_RECURSION = YES;
				CLANG_WARN_INT_CONVERSION = YES;
				CLANG_WARN_OBJC_ROOT_CLASS = YES_ERROR;
				CLANG_WARN_SUSPICIOUS_MOVES = YES;
				CLANG_WARN_UNREACHABLE_CODE = YES;
				CLANG_WARN__DUPLICATE_METHOD_MATCH = YES;
				CODE_SIGN_IDENTITY = "-";
				COPY_PHASE_STRIP = NO;
				DEBUG_INFORMATION_FORMAT = "dwarf-with-dsym";
				ENABLE_NS_ASSERTIONS = NO;
				ENABLE_STRICT_OBJC_MSGSEND = YES;
				GCC_C_LANGUAGE_STANDARD = gnu99;
				GCC_NO_COMMON_BLOCKS = YES;
				GCC_WARN_64_TO_32_BIT_CONVERSION = YES;
				GCC_WARN_ABOUT_RETURN_TYPE = YES_ERROR;
				GCC_WARN_UNDECLARED_SELECTOR = YES;
				GCC_WARN_UNINITIALIZED_AUTOS = YES_AGGRESSIVE;
				GCC_WARN_UNUSED_FUNCTION = YES;
				GCC_WARN_UNUSED_VARIABLE = YES;
				MACOSX_DEPLOYMENT_TARGET = 10.12;
				MTL_ENABLE_DEBUG_INFO = NO;
				SDKROOT = macosx;
			};
			name = Release;
		};
		EBB7456C1FA5AE6400349BBB /* Debug */ = {
			isa = XCBuildConfiguration;
			buildSettings = {
				PRODUCT_NAME = "$(TARGET_NAME)";
			};
			name = Debug;
		};
		EBB7456D1FA5AE6400349BBB /* Release */ = {
			isa = XCBuildConfiguration;
			buildSettings = {
				PRODUCT_NAME = "$(TARGET_NAME)";
			};
			name = Release;
		};
/* End XCBuildConfiguration section */

/* Begin XCConfigurationList section */
		EBB7455F1FA5AE6300349BBB /* Build configuration list for PBXProject "fib" */ = {
			isa = XCConfigurationList;
			buildConfigurations = (
				EBB745691FA5AE6400349BBB /* Debug */,
				EBB7456A1FA5AE6400349BBB /* Release */,
			);
			defaultConfigurationIsVisible = 0;
			defaultConfigurationName = Release;
		};
		EBB7456B1FA5AE6400349BBB /* Build configuration list for PBXNativeTarget "fib" */ = {
			isa = XCConfigurationList;
			buildConfigurations = (
				EBB7456C1FA5AE6400349BBB /* Debug */,
				EBB7456D1FA5AE6400349BBB /* Release */,
			);
			defaultConfigurationIsVisible = 0;
		};
/* End XCConfigurationList section */
	};
	rootObject = EBB7455C1FA5AE6300349BBB /* Project object */;
}
